[0m[1mRefreshing Terraform state in-memory prior to plan...[0m
The refreshed state will be used to calculate this plan, but will not be
persisted to local or remote state storage.
[0m
[0m[1mdata.aws_ami.amazon_linux: Refreshing state...[0m

------------------------------------------------------------------------

An execution plan has been generated and is shown below.
Resource actions are indicated with the following symbols:
  [32m+[0m create
[0m
Terraform will perform the following actions:

[1m  # module.alb.aws_lb.this[0][0m will be created[0m[0m
[0m  [32m+[0m[0m resource "aws_lb" "this" {
      [32m+[0m [0m[1m[0marn[0m[0m                        = (known after apply)
      [32m+[0m [0m[1m[0marn_suffix[0m[0m                 = (known after apply)
      [32m+[0m [0m[1m[0mdns_name[0m[0m                   = (known after apply)
      [32m+[0m [0m[1m[0menable_deletion_protection[0m[0m = false
      [32m+[0m [0m[1m[0menable_http2[0m[0m               = true
      [32m+[0m [0m[1m[0mid[0m[0m                         = (known after apply)
      [32m+[0m [0m[1m[0midle_timeout[0m[0m               = 60
      [32m+[0m [0m[1m[0minternal[0m[0m                   = false
      [32m+[0m [0m[1m[0mip_address_type[0m[0m            = "ipv4"
      [32m+[0m [0m[1m[0mload_balancer_type[0m[0m         = "application"
      [32m+[0m [0m[1m[0mname[0m[0m                       = "my-alb"
      [32m+[0m [0m[1m[0msecurity_groups[0m[0m            = (known after apply)
      [32m+[0m [0m[1m[0msubnets[0m[0m                    = (known after apply)
      [32m+[0m [0m[1m[0mtags[0m[0m                       = {
          [32m+[0m [0m"Name"             = "my-alb-lb"
          [32m+[0m [0m"TerraformManaged" = "true"
        }
      [32m+[0m [0m[1m[0mvpc_id[0m[0m                     = (known after apply)
      [32m+[0m [0m[1m[0mzone_id[0m[0m                    = (known after apply)

      [32m+[0m [0msubnet_mapping {
          [32m+[0m [0m[1m[0mallocation_id[0m[0m = (known after apply)
          [32m+[0m [0m[1m[0msubnet_id[0m[0m     = (known after apply)
        }

      [32m+[0m [0mtimeouts {
          [32m+[0m [0m[1m[0mcreate[0m[0m = "10m"
          [32m+[0m [0m[1m[0mdelete[0m[0m = "10m"
          [32m+[0m [0m[1m[0mupdate[0m[0m = "10m"
        }
    }

[1m  # module.alb.aws_lb_listener.frontend_http_tcp[0][0m will be created[0m[0m
[0m  [32m+[0m[0m resource "aws_lb_listener" "frontend_http_tcp" {
      [32m+[0m [0m[1m[0marn[0m[0m               = (known after apply)
      [32m+[0m [0m[1m[0mid[0m[0m                = (known after apply)
      [32m+[0m [0m[1m[0mload_balancer_arn[0m[0m = (known after apply)
      [32m+[0m [0m[1m[0mport[0m[0m              = 80
      [32m+[0m [0m[1m[0mprotocol[0m[0m          = "HTTP"
      [32m+[0m [0m[1m[0mssl_policy[0m[0m        = (known after apply)

      [32m+[0m [0mdefault_action {
          [32m+[0m [0m[1m[0morder[0m[0m            = (known after apply)
          [32m+[0m [0m[1m[0mtarget_group_arn[0m[0m = (known after apply)
          [32m+[0m [0m[1m[0mtype[0m[0m             = "forward"
        }
    }

[1m  # module.alb.aws_lb_target_group.main[0][0m will be created[0m[0m
[0m  [32m+[0m[0m resource "aws_lb_target_group" "main" {
      [32m+[0m [0m[1m[0marn[0m[0m                                = (known after apply)
      [32m+[0m [0m[1m[0marn_suffix[0m[0m                         = (known after apply)
      [32m+[0m [0m[1m[0mderegistration_delay[0m[0m               = 300
      [32m+[0m [0m[1m[0mid[0m[0m                                 = (known after apply)
      [32m+[0m [0m[1m[0mlambda_multi_value_headers_enabled[0m[0m = false
      [32m+[0m [0m[1m[0mname[0m[0m                               = (known after apply)
      [32m+[0m [0m[1m[0mport[0m[0m                               = 80
      [32m+[0m [0m[1m[0mprotocol[0m[0m                           = "HTTP"
      [32m+[0m [0m[1m[0mproxy_protocol_v2[0m[0m                  = false
      [32m+[0m [0m[1m[0mslow_start[0m[0m                         = 0
      [32m+[0m [0m[1m[0mtags[0m[0m                               = {
          [32m+[0m [0m"Name"             = "my-alb-lb"
          [32m+[0m [0m"TerraformManaged" = "true"
        }
      [32m+[0m [0m[1m[0mtarget_type[0m[0m                        = "instance"
      [32m+[0m [0m[1m[0mvpc_id[0m[0m                             = (known after apply)

      [32m+[0m [0mhealth_check {
          [32m+[0m [0m[1m[0menabled[0m[0m             = (known after apply)
          [32m+[0m [0m[1m[0mhealthy_threshold[0m[0m   = (known after apply)
          [32m+[0m [0m[1m[0minterval[0m[0m            = (known after apply)
          [32m+[0m [0m[1m[0mmatcher[0m[0m             = (known after apply)
          [32m+[0m [0m[1m[0mpath[0m[0m                = (known after apply)
          [32m+[0m [0m[1m[0mport[0m[0m                = (known after apply)
          [32m+[0m [0m[1m[0mprotocol[0m[0m            = (known after apply)
          [32m+[0m [0m[1m[0mtimeout[0m[0m             = (known after apply)
          [32m+[0m [0m[1m[0munhealthy_threshold[0m[0m = (known after apply)
        }

      [32m+[0m [0mstickiness {
          [32m+[0m [0m[1m[0mcookie_duration[0m[0m = (known after apply)
          [32m+[0m [0m[1m[0menabled[0m[0m         = (known after apply)
          [32m+[0m [0m[1m[0mtype[0m[0m            = (known after apply)
        }
    }

[1m  # module.alb.aws_lb_target_group_attachment.test[0][0m will be created[0m[0m
[0m  [32m+[0m[0m resource "aws_lb_target_group_attachment" "test" {
      [32m+[0m [0m[1m[0mid[0m[0m               = (known after apply)
      [32m+[0m [0m[1m[0mport[0m[0m             = 80
      [32m+[0m [0m[1m[0mtarget_group_arn[0m[0m = (known after apply)
      [32m+[0m [0m[1m[0mtarget_id[0m[0m        = (known after apply)
    }

[1m  # module.alb.aws_lb_target_group_attachment.test[1][0m will be created[0m[0m
[0m  [32m+[0m[0m resource "aws_lb_target_group_attachment" "test" {
      [32m+[0m [0m[1m[0mid[0m[0m               = (known after apply)
      [32m+[0m [0m[1m[0mport[0m[0m             = 80
      [32m+[0m [0m[1m[0mtarget_group_arn[0m[0m = (known after apply)
      [32m+[0m [0m[1m[0mtarget_id[0m[0m        = (known after apply)
    }

[1m  # module.ec2_test.aws_instance.this[0][0m will be created[0m[0m
[0m  [32m+[0m[0m resource "aws_instance" "this" {
      [32m+[0m [0m[1m[0mami[0m[0m                          = "ami-0652eb0db9b20aeaf"
      [32m+[0m [0m[1m[0marn[0m[0m                          = (known after apply)
      [32m+[0m [0m[1m[0massociate_public_ip_address[0m[0m  = true
      [32m+[0m [0m[1m[0mavailability_zone[0m[0m            = "eu-west-3a"
      [32m+[0m [0m[1m[0mcpu_core_count[0m[0m               = (known after apply)
      [32m+[0m [0m[1m[0mcpu_threads_per_core[0m[0m         = (known after apply)
      [32m+[0m [0m[1m[0mget_password_data[0m[0m            = false
      [32m+[0m [0m[1m[0mhost_id[0m[0m                      = (known after apply)
      [32m+[0m [0m[1m[0mid[0m[0m                           = (known after apply)
      [32m+[0m [0m[1m[0minstance_state[0m[0m               = (known after apply)
      [32m+[0m [0m[1m[0minstance_type[0m[0m                = "t2.nano"
      [32m+[0m [0m[1m[0mipv6_address_count[0m[0m           = (known after apply)
      [32m+[0m [0m[1m[0mipv6_addresses[0m[0m               = (known after apply)
      [32m+[0m [0m[1m[0mkey_name[0m[0m                     = "jaehoon-test"
      [32m+[0m [0m[1m[0mnetwork_interface_id[0m[0m         = (known after apply)
      [32m+[0m [0m[1m[0mpassword_data[0m[0m                = (known after apply)
      [32m+[0m [0m[1m[0mplacement_group[0m[0m              = (known after apply)
      [32m+[0m [0m[1m[0mprimary_network_interface_id[0m[0m = (known after apply)
      [32m+[0m [0m[1m[0mprivate_dns[0m[0m                  = (known after apply)
      [32m+[0m [0m[1m[0mprivate_ip[0m[0m                   = (known after apply)
      [32m+[0m [0m[1m[0mpublic_dns[0m[0m                   = (known after apply)
      [32m+[0m [0m[1m[0mpublic_ip[0m[0m                    = (known after apply)
      [32m+[0m [0m[1m[0msecurity_groups[0m[0m              = (known after apply)
      [32m+[0m [0m[1m[0msource_dest_check[0m[0m            = true
      [32m+[0m [0m[1m[0msubnet_id[0m[0m                    = (known after apply)
      [32m+[0m [0m[1m[0mtags[0m[0m                         = {
          [32m+[0m [0m"Name"             = "webec2_test-ec2-eu-west-3a"
          [32m+[0m [0m"TerraformManaged" = "true"
        }
      [32m+[0m [0m[1m[0mtenancy[0m[0m                      = (known after apply)
      [32m+[0m [0m[1m[0muser_data[0m[0m                    = "b3e53e1517ac41a1279c146b7fc3cdc6675d489f"
      [32m+[0m [0m[1m[0mvolume_tags[0m[0m                  = (known after apply)
      [32m+[0m [0m[1m[0mvpc_security_group_ids[0m[0m       = (known after apply)

      [32m+[0m [0mebs_block_device {
          [32m+[0m [0m[1m[0mdelete_on_termination[0m[0m = (known after apply)
          [32m+[0m [0m[1m[0mdevice_name[0m[0m           = (known after apply)
          [32m+[0m [0m[1m[0mencrypted[0m[0m             = (known after apply)
          [32m+[0m [0m[1m[0miops[0m[0m                  = (known after apply)
          [32m+[0m [0m[1m[0mkms_key_id[0m[0m            = (known after apply)
          [32m+[0m [0m[1m[0msnapshot_id[0m[0m           = (known after apply)
          [32m+[0m [0m[1m[0mvolume_id[0m[0m             = (known after apply)
          [32m+[0m [0m[1m[0mvolume_size[0m[0m           = (known after apply)
          [32m+[0m [0m[1m[0mvolume_type[0m[0m           = (known after apply)
        }

      [32m+[0m [0mephemeral_block_device {
          [32m+[0m [0m[1m[0mdevice_name[0m[0m  = (known after apply)
          [32m+[0m [0m[1m[0mno_device[0m[0m    = (known after apply)
          [32m+[0m [0m[1m[0mvirtual_name[0m[0m = (known after apply)
        }

      [32m+[0m [0mnetwork_interface {
          [32m+[0m [0m[1m[0mdelete_on_termination[0m[0m = (known after apply)
          [32m+[0m [0m[1m[0mdevice_index[0m[0m          = (known after apply)
          [32m+[0m [0m[1m[0mnetwork_interface_id[0m[0m  = (known after apply)
        }

      [32m+[0m [0mroot_block_device {
          [32m+[0m [0m[1m[0mdelete_on_termination[0m[0m = (known after apply)
          [32m+[0m [0m[1m[0mencrypted[0m[0m             = (known after apply)
          [32m+[0m [0m[1m[0miops[0m[0m                  = (known after apply)
          [32m+[0m [0m[1m[0mkms_key_id[0m[0m            = (known after apply)
          [32m+[0m [0m[1m[0mvolume_id[0m[0m             = (known after apply)
          [32m+[0m [0m[1m[0mvolume_size[0m[0m           = (known after apply)
          [32m+[0m [0m[1m[0mvolume_type[0m[0m           = (known after apply)
        }
    }

[1m  # module.ec2_test.aws_instance.this[1][0m will be created[0m[0m
[0m  [32m+[0m[0m resource "aws_instance" "this" {
      [32m+[0m [0m[1m[0mami[0m[0m                          = "ami-0652eb0db9b20aeaf"
      [32m+[0m [0m[1m[0marn[0m[0m                          = (known after apply)
      [32m+[0m [0m[1m[0massociate_public_ip_address[0m[0m  = true
      [32m+[0m [0m[1m[0mavailability_zone[0m[0m            = "eu-west-3b"
      [32m+[0m [0m[1m[0mcpu_core_count[0m[0m               = (known after apply)
      [32m+[0m [0m[1m[0mcpu_threads_per_core[0m[0m         = (known after apply)
      [32m+[0m [0m[1m[0mget_password_data[0m[0m            = false
      [32m+[0m [0m[1m[0mhost_id[0m[0m                      = (known after apply)
      [32m+[0m [0m[1m[0mid[0m[0m                           = (known after apply)
      [32m+[0m [0m[1m[0minstance_state[0m[0m               = (known after apply)
      [32m+[0m [0m[1m[0minstance_type[0m[0m                = "t2.nano"
      [32m+[0m [0m[1m[0mipv6_address_count[0m[0m           = (known after apply)
      [32m+[0m [0m[1m[0mipv6_addresses[0m[0m               = (known after apply)
      [32m+[0m [0m[1m[0mkey_name[0m[0m                     = "jaehoon-test"
      [32m+[0m [0m[1m[0mnetwork_interface_id[0m[0m         = (known after apply)
      [32m+[0m [0m[1m[0mpassword_data[0m[0m                = (known after apply)
      [32m+[0m [0m[1m[0mplacement_group[0m[0m              = (known after apply)
      [32m+[0m [0m[1m[0mprimary_network_interface_id[0m[0m = (known after apply)
      [32m+[0m [0m[1m[0mprivate_dns[0m[0m                  = (known after apply)
      [32m+[0m [0m[1m[0mprivate_ip[0m[0m                   = (known after apply)
      [32m+[0m [0m[1m[0mpublic_dns[0m[0m                   = (known after apply)
      [32m+[0m [0m[1m[0mpublic_ip[0m[0m                    = (known after apply)
      [32m+[0m [0m[1m[0msecurity_groups[0m[0m              = (known after apply)
      [32m+[0m [0m[1m[0msource_dest_check[0m[0m            = true
      [32m+[0m [0m[1m[0msubnet_id[0m[0m                    = (known after apply)
      [32m+[0m [0m[1m[0mtags[0m[0m                         = {
          [32m+[0m [0m"Name"             = "webec2_test-ec2-eu-west-3b"
          [32m+[0m [0m"TerraformManaged" = "true"
        }
      [32m+[0m [0m[1m[0mtenancy[0m[0m                      = (known after apply)
      [32m+[0m [0m[1m[0muser_data[0m[0m                    = "b3e53e1517ac41a1279c146b7fc3cdc6675d489f"
      [32m+[0m [0m[1m[0mvolume_tags[0m[0m                  = (known after apply)
      [32m+[0m [0m[1m[0mvpc_security_group_ids[0m[0m       = (known after apply)

      [32m+[0m [0mebs_block_device {
          [32m+[0m [0m[1m[0mdelete_on_termination[0m[0m = (known after apply)
          [32m+[0m [0m[1m[0mdevice_name[0m[0m           = (known after apply)
          [32m+[0m [0m[1m[0mencrypted[0m[0m             = (known after apply)
          [32m+[0m [0m[1m[0miops[0m[0m                  = (known after apply)
          [32m+[0m [0m[1m[0mkms_key_id[0m[0m            = (known after apply)
          [32m+[0m [0m[1m[0msnapshot_id[0m[0m           = (known after apply)
          [32m+[0m [0m[1m[0mvolume_id[0m[0m             = (known after apply)
          [32m+[0m [0m[1m[0mvolume_size[0m[0m           = (known after apply)
          [32m+[0m [0m[1m[0mvolume_type[0m[0m           = (known after apply)
        }

      [32m+[0m [0mephemeral_block_device {
          [32m+[0m [0m[1m[0mdevice_name[0m[0m  = (known after apply)
          [32m+[0m [0m[1m[0mno_device[0m[0m    = (known after apply)
          [32m+[0m [0m[1m[0mvirtual_name[0m[0m = (known after apply)
        }

      [32m+[0m [0mnetwork_interface {
          [32m+[0m [0m[1m[0mdelete_on_termination[0m[0m = (known after apply)
          [32m+[0m [0m[1m[0mdevice_index[0m[0m          = (known after apply)
          [32m+[0m [0m[1m[0mnetwork_interface_id[0m[0m  = (known after apply)
        }

      [32m+[0m [0mroot_block_device {
          [32m+[0m [0m[1m[0mdelete_on_termination[0m[0m = (known after apply)
          [32m+[0m [0m[1m[0mencrypted[0m[0m             = (known after apply)
          [32m+[0m [0m[1m[0miops[0m[0m                  = (known after apply)
          [32m+[0m [0m[1m[0mkms_key_id[0m[0m            = (known after apply)
          [32m+[0m [0m[1m[0mvolume_id[0m[0m             = (known after apply)
          [32m+[0m [0m[1m[0mvolume_size[0m[0m           = (known after apply)
          [32m+[0m [0m[1m[0mvolume_type[0m[0m           = (known after apply)
        }
    }

[1m  # module.ec2_test.aws_security_group.ec2[0m will be created[0m[0m
[0m  [32m+[0m[0m resource "aws_security_group" "ec2" {
      [32m+[0m [0m[1m[0marn[0m[0m                    = (known after apply)
      [32m+[0m [0m[1m[0mdescription[0m[0m            = "Allow SSH connect to ec2 instance"
      [32m+[0m [0m[1m[0megress[0m[0m                 = [
          [32m+[0m [0m{
              [32m+[0m [0mcidr_blocks      = [
                  [32m+[0m [0m"0.0.0.0/0",
                ]
              [32m+[0m [0mdescription      = ""
              [32m+[0m [0mfrom_port        = 0
              [32m+[0m [0mipv6_cidr_blocks = []
              [32m+[0m [0mprefix_list_ids  = []
              [32m+[0m [0mprotocol         = "-1"
              [32m+[0m [0msecurity_groups  = []
              [32m+[0m [0mself             = false
              [32m+[0m [0mto_port          = 0
            },
        ]
      [32m+[0m [0m[1m[0mid[0m[0m                     = (known after apply)
      [32m+[0m [0m[1m[0mingress[0m[0m                = [
          [32m+[0m [0m{
              [32m+[0m [0mcidr_blocks      = [
                  [32m+[0m [0m"0.0.0.0/0",
                ]
              [32m+[0m [0mdescription      = ""
              [32m+[0m [0mfrom_port        = 80
              [32m+[0m [0mipv6_cidr_blocks = []
              [32m+[0m [0mprefix_list_ids  = []
              [32m+[0m [0mprotocol         = "tcp"
              [32m+[0m [0msecurity_groups  = []
              [32m+[0m [0mself             = false
              [32m+[0m [0mto_port          = 80
            },
        ]
      [32m+[0m [0m[1m[0mname[0m[0m                   = "webec2_test"
      [32m+[0m [0m[1m[0mowner_id[0m[0m               = (known after apply)
      [32m+[0m [0m[1m[0mrevoke_rules_on_delete[0m[0m = false
      [32m+[0m [0m[1m[0mtags[0m[0m                   = {
          [32m+[0m [0m"Name"             = "webec2_test-ec2"
          [32m+[0m [0m"TerraformManaged" = "true"
        }
      [32m+[0m [0m[1m[0mvpc_id[0m[0m                 = (known after apply)
    }

[1m  # module.ec2_test_pri.aws_instance.this[0][0m will be created[0m[0m
[0m  [32m+[0m[0m resource "aws_instance" "this" {
      [32m+[0m [0m[1m[0mami[0m[0m                          = "ami-0652eb0db9b20aeaf"
      [32m+[0m [0m[1m[0marn[0m[0m                          = (known after apply)
      [32m+[0m [0m[1m[0massociate_public_ip_address[0m[0m  = true
      [32m+[0m [0m[1m[0mavailability_zone[0m[0m            = "eu-west-3a"
      [32m+[0m [0m[1m[0mcpu_core_count[0m[0m               = (known after apply)
      [32m+[0m [0m[1m[0mcpu_threads_per_core[0m[0m         = (known after apply)
      [32m+[0m [0m[1m[0mget_password_data[0m[0m            = false
      [32m+[0m [0m[1m[0mhost_id[0m[0m                      = (known after apply)
      [32m+[0m [0m[1m[0mid[0m[0m                           = (known after apply)
      [32m+[0m [0m[1m[0minstance_state[0m[0m               = (known after apply)
      [32m+[0m [0m[1m[0minstance_type[0m[0m                = "t2.nano"
      [32m+[0m [0m[1m[0mipv6_address_count[0m[0m           = (known after apply)
      [32m+[0m [0m[1m[0mipv6_addresses[0m[0m               = (known after apply)
      [32m+[0m [0m[1m[0mkey_name[0m[0m                     = "jaehoon-test"
      [32m+[0m [0m[1m[0mnetwork_interface_id[0m[0m         = (known after apply)
      [32m+[0m [0m[1m[0mpassword_data[0m[0m                = (known after apply)
      [32m+[0m [0m[1m[0mplacement_group[0m[0m              = (known after apply)
      [32m+[0m [0m[1m[0mprimary_network_interface_id[0m[0m = (known after apply)
      [32m+[0m [0m[1m[0mprivate_dns[0m[0m                  = (known after apply)
      [32m+[0m [0m[1m[0mprivate_ip[0m[0m                   = (known after apply)
      [32m+[0m [0m[1m[0mpublic_dns[0m[0m                   = (known after apply)
      [32m+[0m [0m[1m[0mpublic_ip[0m[0m                    = (known after apply)
      [32m+[0m [0m[1m[0msecurity_groups[0m[0m              = (known after apply)
      [32m+[0m [0m[1m[0msource_dest_check[0m[0m            = true
      [32m+[0m [0m[1m[0msubnet_id[0m[0m                    = (known after apply)
      [32m+[0m [0m[1m[0mtags[0m[0m                         = {
          [32m+[0m [0m"Name"             = "wasec2_test-ec2-eu-west-3a"
          [32m+[0m [0m"TerraformManaged" = "true"
        }
      [32m+[0m [0m[1m[0mtenancy[0m[0m                      = (known after apply)
      [32m+[0m [0m[1m[0muser_data[0m[0m                    = "b3e53e1517ac41a1279c146b7fc3cdc6675d489f"
      [32m+[0m [0m[1m[0mvolume_tags[0m[0m                  = (known after apply)
      [32m+[0m [0m[1m[0mvpc_security_group_ids[0m[0m       = (known after apply)

      [32m+[0m [0mebs_block_device {
          [32m+[0m [0m[1m[0mdelete_on_termination[0m[0m = (known after apply)
          [32m+[0m [0m[1m[0mdevice_name[0m[0m           = (known after apply)
          [32m+[0m [0m[1m[0mencrypted[0m[0m             = (known after apply)
          [32m+[0m [0m[1m[0miops[0m[0m                  = (known after apply)
          [32m+[0m [0m[1m[0mkms_key_id[0m[0m            = (known after apply)
          [32m+[0m [0m[1m[0msnapshot_id[0m[0m           = (known after apply)
          [32m+[0m [0m[1m[0mvolume_id[0m[0m             = (known after apply)
          [32m+[0m [0m[1m[0mvolume_size[0m[0m           = (known after apply)
          [32m+[0m [0m[1m[0mvolume_type[0m[0m           = (known after apply)
        }

      [32m+[0m [0mephemeral_block_device {
          [32m+[0m [0m[1m[0mdevice_name[0m[0m  = (known after apply)
          [32m+[0m [0m[1m[0mno_device[0m[0m    = (known after apply)
          [32m+[0m [0m[1m[0mvirtual_name[0m[0m = (known after apply)
        }

      [32m+[0m [0mnetwork_interface {
          [32m+[0m [0m[1m[0mdelete_on_termination[0m[0m = (known after apply)
          [32m+[0m [0m[1m[0mdevice_index[0m[0m          = (known after apply)
          [32m+[0m [0m[1m[0mnetwork_interface_id[0m[0m  = (known after apply)
        }

      [32m+[0m [0mroot_block_device {
          [32m+[0m [0m[1m[0mdelete_on_termination[0m[0m = (known after apply)
          [32m+[0m [0m[1m[0mencrypted[0m[0m             = (known after apply)
          [32m+[0m [0m[1m[0miops[0m[0m                  = (known after apply)
          [32m+[0m [0m[1m[0mkms_key_id[0m[0m            = (known after apply)
          [32m+[0m [0m[1m[0mvolume_id[0m[0m             = (known after apply)
          [32m+[0m [0m[1m[0mvolume_size[0m[0m           = (known after apply)
          [32m+[0m [0m[1m[0mvolume_type[0m[0m           = (known after apply)
        }
    }

[1m  # module.ec2_test_pri.aws_instance.this[1][0m will be created[0m[0m
[0m  [32m+[0m[0m resource "aws_instance" "this" {
      [32m+[0m [0m[1m[0mami[0m[0m                          = "ami-0652eb0db9b20aeaf"
      [32m+[0m [0m[1m[0marn[0m[0m                          = (known after apply)
      [32m+[0m [0m[1m[0massociate_public_ip_address[0m[0m  = true
      [32m+[0m [0m[1m[0mavailability_zone[0m[0m            = "eu-west-3b"
      [32m+[0m [0m[1m[0mcpu_core_count[0m[0m               = (known after apply)
      [32m+[0m [0m[1m[0mcpu_threads_per_core[0m[0m         = (known after apply)
      [32m+[0m [0m[1m[0mget_password_data[0m[0m            = false
      [32m+[0m [0m[1m[0mhost_id[0m[0m                      = (known after apply)
      [32m+[0m [0m[1m[0mid[0m[0m                           = (known after apply)
      [32m+[0m [0m[1m[0minstance_state[0m[0m               = (known after apply)
      [32m+[0m [0m[1m[0minstance_type[0m[0m                = "t2.nano"
      [32m+[0m [0m[1m[0mipv6_address_count[0m[0m           = (known after apply)
      [32m+[0m [0m[1m[0mipv6_addresses[0m[0m               = (known after apply)
      [32m+[0m [0m[1m[0mkey_name[0m[0m                     = "jaehoon-test"
      [32m+[0m [0m[1m[0mnetwork_interface_id[0m[0m         = (known after apply)
      [32m+[0m [0m[1m[0mpassword_data[0m[0m                = (known after apply)
      [32m+[0m [0m[1m[0mplacement_group[0m[0m              = (known after apply)
      [32m+[0m [0m[1m[0mprimary_network_interface_id[0m[0m = (known after apply)
      [32m+[0m [0m[1m[0mprivate_dns[0m[0m                  = (known after apply)
      [32m+[0m [0m[1m[0mprivate_ip[0m[0m                   = (known after apply)
      [32m+[0m [0m[1m[0mpublic_dns[0m[0m                   = (known after apply)
      [32m+[0m [0m[1m[0mpublic_ip[0m[0m                    = (known after apply)
      [32m+[0m [0m[1m[0msecurity_groups[0m[0m              = (known after apply)
      [32m+[0m [0m[1m[0msource_dest_check[0m[0m            = true
      [32m+[0m [0m[1m[0msubnet_id[0m[0m                    = (known after apply)
      [32m+[0m [0m[1m[0mtags[0m[0m                         = {
          [32m+[0m [0m"Name"             = "wasec2_test-ec2-eu-west-3b"
          [32m+[0m [0m"TerraformManaged" = "true"
        }
      [32m+[0m [0m[1m[0mtenancy[0m[0m                      = (known after apply)
      [32m+[0m [0m[1m[0muser_data[0m[0m                    = "b3e53e1517ac41a1279c146b7fc3cdc6675d489f"
      [32m+[0m [0m[1m[0mvolume_tags[0m[0m                  = (known after apply)
      [32m+[0m [0m[1m[0mvpc_security_group_ids[0m[0m       = (known after apply)

      [32m+[0m [0mebs_block_device {
          [32m+[0m [0m[1m[0mdelete_on_termination[0m[0m = (known after apply)
          [32m+[0m [0m[1m[0mdevice_name[0m[0m           = (known after apply)
          [32m+[0m [0m[1m[0mencrypted[0m[0m             = (known after apply)
          [32m+[0m [0m[1m[0miops[0m[0m                  = (known after apply)
          [32m+[0m [0m[1m[0mkms_key_id[0m[0m            = (known after apply)
          [32m+[0m [0m[1m[0msnapshot_id[0m[0m           = (known after apply)
          [32m+[0m [0m[1m[0mvolume_id[0m[0m             = (known after apply)
          [32m+[0m [0m[1m[0mvolume_size[0m[0m           = (known after apply)
          [32m+[0m [0m[1m[0mvolume_type[0m[0m           = (known after apply)
        }

      [32m+[0m [0mephemeral_block_device {
          [32m+[0m [0m[1m[0mdevice_name[0m[0m  = (known after apply)
          [32m+[0m [0m[1m[0mno_device[0m[0m    = (known after apply)
          [32m+[0m [0m[1m[0mvirtual_name[0m[0m = (known after apply)
        }

      [32m+[0m [0mnetwork_interface {
          [32m+[0m [0m[1m[0mdelete_on_termination[0m[0m = (known after apply)
          [32m+[0m [0m[1m[0mdevice_index[0m[0m          = (known after apply)
          [32m+[0m [0m[1m[0mnetwork_interface_id[0m[0m  = (known after apply)
        }

      [32m+[0m [0mroot_block_device {
          [32m+[0m [0m[1m[0mdelete_on_termination[0m[0m = (known after apply)
          [32m+[0m [0m[1m[0mencrypted[0m[0m             = (known after apply)
          [32m+[0m [0m[1m[0miops[0m[0m                  = (known after apply)
          [32m+[0m [0m[1m[0mkms_key_id[0m[0m            = (known after apply)
          [32m+[0m [0m[1m[0mvolume_id[0m[0m             = (known after apply)
          [32m+[0m [0m[1m[0mvolume_size[0m[0m           = (known after apply)
          [32m+[0m [0m[1m[0mvolume_type[0m[0m           = (known after apply)
        }
    }

[1m  # module.ec2_test_pri.aws_security_group.ec2[0m will be created[0m[0m
[0m  [32m+[0m[0m resource "aws_security_group" "ec2" {
      [32m+[0m [0m[1m[0marn[0m[0m                    = (known after apply)
      [32m+[0m [0m[1m[0mdescription[0m[0m            = "Allow SSH connect to ec2 instance"
      [32m+[0m [0m[1m[0megress[0m[0m                 = [
          [32m+[0m [0m{
              [32m+[0m [0mcidr_blocks      = [
                  [32m+[0m [0m"0.0.0.0/0",
                ]
              [32m+[0m [0mdescription      = ""
              [32m+[0m [0mfrom_port        = 0
              [32m+[0m [0mipv6_cidr_blocks = []
              [32m+[0m [0mprefix_list_ids  = []
              [32m+[0m [0mprotocol         = "-1"
              [32m+[0m [0msecurity_groups  = []
              [32m+[0m [0mself             = false
              [32m+[0m [0mto_port          = 0
            },
        ]
      [32m+[0m [0m[1m[0mid[0m[0m                     = (known after apply)
      [32m+[0m [0m[1m[0mingress[0m[0m                = [
          [32m+[0m [0m{
              [32m+[0m [0mcidr_blocks      = [
                  [32m+[0m [0m"0.0.0.0/0",
                ]
              [32m+[0m [0mdescription      = ""
              [32m+[0m [0mfrom_port        = 80
              [32m+[0m [0mipv6_cidr_blocks = []
              [32m+[0m [0mprefix_list_ids  = []
              [32m+[0m [0mprotocol         = "tcp"
              [32m+[0m [0msecurity_groups  = []
              [32m+[0m [0mself             = false
              [32m+[0m [0mto_port          = 80
            },
        ]
      [32m+[0m [0m[1m[0mname[0m[0m                   = "wasec2_test"
      [32m+[0m [0m[1m[0mowner_id[0m[0m               = (known after apply)
      [32m+[0m [0m[1m[0mrevoke_rules_on_delete[0m[0m = false
      [32m+[0m [0m[1m[0mtags[0m[0m                   = {
          [32m+[0m [0m"Name"             = "wasec2_test-ec2"
          [32m+[0m [0m"TerraformManaged" = "true"
        }
      [32m+[0m [0m[1m[0mvpc_id[0m[0m                 = (known after apply)
    }

[1m  # module.vpc.aws_db_subnet_group.database[0][0m will be created[0m[0m
[0m  [32m+[0m[0m resource "aws_db_subnet_group" "database" {
      [32m+[0m [0m[1m[0marn[0m[0m         = (known after apply)
      [32m+[0m [0m[1m[0mdescription[0m[0m = "Database subnet group for test"
      [32m+[0m [0m[1m[0mid[0m[0m          = (known after apply)
      [32m+[0m [0m[1m[0mname[0m[0m        = "test"
      [32m+[0m [0m[1m[0mname_prefix[0m[0m = (known after apply)
      [32m+[0m [0m[1m[0msubnet_ids[0m[0m  = (known after apply)
      [32m+[0m [0m[1m[0mtags[0m[0m        = {
          [32m+[0m [0m"Name"             = "test"
          [32m+[0m [0m"TerraformManaged" = "true"
        }
    }

[1m  # module.vpc.aws_default_network_acl.test_default[0m will be created[0m[0m
[0m  [32m+[0m[0m resource "aws_default_network_acl" "test_default" {
      [32m+[0m [0m[1m[0mdefault_network_acl_id[0m[0m = (known after apply)
      [32m+[0m [0m[1m[0mid[0m[0m                     = (known after apply)
      [32m+[0m [0m[1m[0mowner_id[0m[0m               = (known after apply)
      [32m+[0m [0m[1m[0msubnet_ids[0m[0m             = (known after apply)
      [32m+[0m [0m[1m[0mtags[0m[0m                   = {
          [32m+[0m [0m"Name"             = "test-default"
          [32m+[0m [0m"TerraformManaged" = "true"
        }
      [32m+[0m [0m[1m[0mvpc_id[0m[0m                 = (known after apply)

      [32m+[0m [0megress {
          [32m+[0m [0m[1m[0maction[0m[0m     = "allow"
          [32m+[0m [0m[1m[0mcidr_block[0m[0m = "0.0.0.0/0"
          [32m+[0m [0m[1m[0mfrom_port[0m[0m  = 0
          [32m+[0m [0m[1m[0mprotocol[0m[0m   = "-1"
          [32m+[0m [0m[1m[0mrule_no[0m[0m    = 100
          [32m+[0m [0m[1m[0mto_port[0m[0m    = 0
        }

      [32m+[0m [0mingress {
          [32m+[0m [0m[1m[0maction[0m[0m     = "allow"
          [32m+[0m [0m[1m[0mcidr_block[0m[0m = "0.0.0.0/0"
          [32m+[0m [0m[1m[0mfrom_port[0m[0m  = 0
          [32m+[0m [0m[1m[0mprotocol[0m[0m   = "-1"
          [32m+[0m [0m[1m[0mrule_no[0m[0m    = 100
          [32m+[0m [0m[1m[0mto_port[0m[0m    = 0
        }
    }

[1m  # module.vpc.aws_default_security_group.test_default[0m will be created[0m[0m
[0m  [32m+[0m[0m resource "aws_default_security_group" "test_default" {
      [32m+[0m [0m[1m[0marn[0m[0m                    = (known after apply)
      [32m+[0m [0m[1m[0megress[0m[0m                 = [
          [32m+[0m [0m{
              [32m+[0m [0mcidr_blocks      = [
                  [32m+[0m [0m"0.0.0.0/0",
                ]
              [32m+[0m [0mdescription      = ""
              [32m+[0m [0mfrom_port        = 0
              [32m+[0m [0mipv6_cidr_blocks = []
              [32m+[0m [0mprefix_list_ids  = []
              [32m+[0m [0mprotocol         = "-1"
              [32m+[0m [0msecurity_groups  = []
              [32m+[0m [0mself             = false
              [32m+[0m [0mto_port          = 0
            },
        ]
      [32m+[0m [0m[1m[0mid[0m[0m                     = (known after apply)
      [32m+[0m [0m[1m[0mingress[0m[0m                = [
          [32m+[0m [0m{
              [32m+[0m [0mcidr_blocks      = []
              [32m+[0m [0mdescription      = ""
              [32m+[0m [0mfrom_port        = 0
              [32m+[0m [0mipv6_cidr_blocks = []
              [32m+[0m [0mprefix_list_ids  = []
              [32m+[0m [0mprotocol         = "-1"
              [32m+[0m [0msecurity_groups  = []
              [32m+[0m [0mself             = true
              [32m+[0m [0mto_port          = 0
            },
        ]
      [32m+[0m [0m[1m[0mname[0m[0m                   = (known after apply)
      [32m+[0m [0m[1m[0mowner_id[0m[0m               = (known after apply)
      [32m+[0m [0m[1m[0mrevoke_rules_on_delete[0m[0m = false
      [32m+[0m [0m[1m[0mtags[0m[0m                   = {
          [32m+[0m [0m"Name"             = "test-default"
          [32m+[0m [0m"TerraformManaged" = "true"
        }
      [32m+[0m [0m[1m[0mvpc_id[0m[0m                 = (known after apply)
    }

[1m  # module.vpc.aws_eip.nat[0][0m will be created[0m[0m
[0m  [32m+[0m[0m resource "aws_eip" "nat" {
      [32m+[0m [0m[1m[0mallocation_id[0m[0m     = (known after apply)
      [32m+[0m [0m[1m[0massociation_id[0m[0m    = (known after apply)
      [32m+[0m [0m[1m[0mdomain[0m[0m            = (known after apply)
      [32m+[0m [0m[1m[0mid[0m[0m                = (known after apply)
      [32m+[0m [0m[1m[0minstance[0m[0m          = (known after apply)
      [32m+[0m [0m[1m[0mnetwork_interface[0m[0m = (known after apply)
      [32m+[0m [0m[1m[0mprivate_dns[0m[0m       = (known after apply)
      [32m+[0m [0m[1m[0mprivate_ip[0m[0m        = (known after apply)
      [32m+[0m [0m[1m[0mpublic_dns[0m[0m        = (known after apply)
      [32m+[0m [0m[1m[0mpublic_ip[0m[0m         = (known after apply)
      [32m+[0m [0m[1m[0mpublic_ipv4_pool[0m[0m  = (known after apply)
      [32m+[0m [0m[1m[0mvpc[0m[0m               = true
    }

[1m  # module.vpc.aws_eip.nat[1][0m will be created[0m[0m
[0m  [32m+[0m[0m resource "aws_eip" "nat" {
      [32m+[0m [0m[1m[0mallocation_id[0m[0m     = (known after apply)
      [32m+[0m [0m[1m[0massociation_id[0m[0m    = (known after apply)
      [32m+[0m [0m[1m[0mdomain[0m[0m            = (known after apply)
      [32m+[0m [0m[1m[0mid[0m[0m                = (known after apply)
      [32m+[0m [0m[1m[0minstance[0m[0m          = (known after apply)
      [32m+[0m [0m[1m[0mnetwork_interface[0m[0m = (known after apply)
      [32m+[0m [0m[1m[0mprivate_dns[0m[0m       = (known after apply)
      [32m+[0m [0m[1m[0mprivate_ip[0m[0m        = (known after apply)
      [32m+[0m [0m[1m[0mpublic_dns[0m[0m        = (known after apply)
      [32m+[0m [0m[1m[0mpublic_ip[0m[0m         = (known after apply)
      [32m+[0m [0m[1m[0mpublic_ipv4_pool[0m[0m  = (known after apply)
      [32m+[0m [0m[1m[0mvpc[0m[0m               = true
    }

[1m  # module.vpc.aws_internet_gateway.this[0m will be created[0m[0m
[0m  [32m+[0m[0m resource "aws_internet_gateway" "this" {
      [32m+[0m [0m[1m[0mid[0m[0m       = (known after apply)
      [32m+[0m [0m[1m[0mowner_id[0m[0m = (known after apply)
      [32m+[0m [0m[1m[0mtags[0m[0m     = {
          [32m+[0m [0m"Name"             = "test"
          [32m+[0m [0m"TerraformManaged" = "true"
        }
      [32m+[0m [0m[1m[0mvpc_id[0m[0m   = (known after apply)
    }

[1m  # module.vpc.aws_nat_gateway.this[0][0m will be created[0m[0m
[0m  [32m+[0m[0m resource "aws_nat_gateway" "this" {
      [32m+[0m [0m[1m[0mallocation_id[0m[0m        = (known after apply)
      [32m+[0m [0m[1m[0mid[0m[0m                   = (known after apply)
      [32m+[0m [0m[1m[0mnetwork_interface_id[0m[0m = (known after apply)
      [32m+[0m [0m[1m[0mprivate_ip[0m[0m           = (known after apply)
      [32m+[0m [0m[1m[0mpublic_ip[0m[0m            = (known after apply)
      [32m+[0m [0m[1m[0msubnet_id[0m[0m            = (known after apply)
    }

[1m  # module.vpc.aws_nat_gateway.this[1][0m will be created[0m[0m
[0m  [32m+[0m[0m resource "aws_nat_gateway" "this" {
      [32m+[0m [0m[1m[0mallocation_id[0m[0m        = (known after apply)
      [32m+[0m [0m[1m[0mid[0m[0m                   = (known after apply)
      [32m+[0m [0m[1m[0mnetwork_interface_id[0m[0m = (known after apply)
      [32m+[0m [0m[1m[0mprivate_ip[0m[0m           = (known after apply)
      [32m+[0m [0m[1m[0mpublic_ip[0m[0m            = (known after apply)
      [32m+[0m [0m[1m[0msubnet_id[0m[0m            = (known after apply)
    }

[1m  # module.vpc.aws_route_table.private[0][0m will be created[0m[0m
[0m  [32m+[0m[0m resource "aws_route_table" "private" {
      [32m+[0m [0m[1m[0mid[0m[0m               = (known after apply)
      [32m+[0m [0m[1m[0mowner_id[0m[0m         = (known after apply)
      [32m+[0m [0m[1m[0mpropagating_vgws[0m[0m = (known after apply)
      [32m+[0m [0m[1m[0mroute[0m[0m            = [
          [32m+[0m [0m{
              [32m+[0m [0mcidr_block                = "0.0.0.0/0"
              [32m+[0m [0megress_only_gateway_id    = ""
              [32m+[0m [0mgateway_id                = ""
              [32m+[0m [0minstance_id               = ""
              [32m+[0m [0mipv6_cidr_block           = ""
              [32m+[0m [0mnat_gateway_id            = (known after apply)
              [32m+[0m [0mnetwork_interface_id      = ""
              [32m+[0m [0mtransit_gateway_id        = ""
              [32m+[0m [0mvpc_peering_connection_id = ""
            },
        ]
      [32m+[0m [0m[1m[0mtags[0m[0m             = {
          [32m+[0m [0m"Name"             = "test-private-eu-west-3a"
          [32m+[0m [0m"TerraformManaged" = "true"
        }
      [32m+[0m [0m[1m[0mvpc_id[0m[0m           = (known after apply)
    }

[1m  # module.vpc.aws_route_table.private[1][0m will be created[0m[0m
[0m  [32m+[0m[0m resource "aws_route_table" "private" {
      [32m+[0m [0m[1m[0mid[0m[0m               = (known after apply)
      [32m+[0m [0m[1m[0mowner_id[0m[0m         = (known after apply)
      [32m+[0m [0m[1m[0mpropagating_vgws[0m[0m = (known after apply)
      [32m+[0m [0m[1m[0mroute[0m[0m            = [
          [32m+[0m [0m{
              [32m+[0m [0mcidr_block                = "0.0.0.0/0"
              [32m+[0m [0megress_only_gateway_id    = ""
              [32m+[0m [0mgateway_id                = ""
              [32m+[0m [0minstance_id               = ""
              [32m+[0m [0mipv6_cidr_block           = ""
              [32m+[0m [0mnat_gateway_id            = (known after apply)
              [32m+[0m [0mnetwork_interface_id      = ""
              [32m+[0m [0mtransit_gateway_id        = ""
              [32m+[0m [0mvpc_peering_connection_id = ""
            },
        ]
      [32m+[0m [0m[1m[0mtags[0m[0m             = {
          [32m+[0m [0m"Name"             = "test-private-eu-west-3b"
          [32m+[0m [0m"TerraformManaged" = "true"
        }
      [32m+[0m [0m[1m[0mvpc_id[0m[0m           = (known after apply)
    }

[1m  # module.vpc.aws_route_table.public[0m will be created[0m[0m
[0m  [32m+[0m[0m resource "aws_route_table" "public" {
      [32m+[0m [0m[1m[0mid[0m[0m               = (known after apply)
      [32m+[0m [0m[1m[0mowner_id[0m[0m         = (known after apply)
      [32m+[0m [0m[1m[0mpropagating_vgws[0m[0m = (known after apply)
      [32m+[0m [0m[1m[0mroute[0m[0m            = [
          [32m+[0m [0m{
              [32m+[0m [0mcidr_block                = "0.0.0.0/0"
              [32m+[0m [0megress_only_gateway_id    = ""
              [32m+[0m [0mgateway_id                = (known after apply)
              [32m+[0m [0minstance_id               = ""
              [32m+[0m [0mipv6_cidr_block           = ""
              [32m+[0m [0mnat_gateway_id            = ""
              [32m+[0m [0mnetwork_interface_id      = ""
              [32m+[0m [0mtransit_gateway_id        = ""
              [32m+[0m [0mvpc_peering_connection_id = ""
            },
        ]
      [32m+[0m [0m[1m[0mtags[0m[0m             = {
          [32m+[0m [0m"Name"             = "test-public"
          [32m+[0m [0m"TerraformManaged" = "true"
        }
      [32m+[0m [0m[1m[0mvpc_id[0m[0m           = (known after apply)
    }

[1m  # module.vpc.aws_route_table_association.database[0][0m will be created[0m[0m
[0m  [32m+[0m[0m resource "aws_route_table_association" "database" {
      [32m+[0m [0m[1m[0mid[0m[0m             = (known after apply)
      [32m+[0m [0m[1m[0mroute_table_id[0m[0m = (known after apply)
      [32m+[0m [0m[1m[0msubnet_id[0m[0m      = (known after apply)
    }

[1m  # module.vpc.aws_route_table_association.database[1][0m will be created[0m[0m
[0m  [32m+[0m[0m resource "aws_route_table_association" "database" {
      [32m+[0m [0m[1m[0mid[0m[0m             = (known after apply)
      [32m+[0m [0m[1m[0mroute_table_id[0m[0m = (known after apply)
      [32m+[0m [0m[1m[0msubnet_id[0m[0m      = (known after apply)
    }

[1m  # module.vpc.aws_route_table_association.private[0][0m will be created[0m[0m
[0m  [32m+[0m[0m resource "aws_route_table_association" "private" {
      [32m+[0m [0m[1m[0mid[0m[0m             = (known after apply)
      [32m+[0m [0m[1m[0mroute_table_id[0m[0m = (known after apply)
      [32m+[0m [0m[1m[0msubnet_id[0m[0m      = (known after apply)
    }

[1m  # module.vpc.aws_route_table_association.private[1][0m will be created[0m[0m
[0m  [32m+[0m[0m resource "aws_route_table_association" "private" {
      [32m+[0m [0m[1m[0mid[0m[0m             = (known after apply)
      [32m+[0m [0m[1m[0mroute_table_id[0m[0m = (known after apply)
      [32m+[0m [0m[1m[0msubnet_id[0m[0m      = (known after apply)
    }

[1m  # module.vpc.aws_route_table_association.public[0][0m will be created[0m[0m
[0m  [32m+[0m[0m resource "aws_route_table_association" "public" {
      [32m+[0m [0m[1m[0mid[0m[0m             = (known after apply)
      [32m+[0m [0m[1m[0mroute_table_id[0m[0m = (known after apply)
      [32m+[0m [0m[1m[0msubnet_id[0m[0m      = (known after apply)
    }

[1m  # module.vpc.aws_route_table_association.public[1][0m will be created[0m[0m
[0m  [32m+[0m[0m resource "aws_route_table_association" "public" {
      [32m+[0m [0m[1m[0mid[0m[0m             = (known after apply)
      [32m+[0m [0m[1m[0mroute_table_id[0m[0m = (known after apply)
      [32m+[0m [0m[1m[0msubnet_id[0m[0m      = (known after apply)
    }

[1m  # module.vpc.aws_subnet.database[0][0m will be created[0m[0m
[0m  [32m+[0m[0m resource "aws_subnet" "database" {
      [32m+[0m [0m[1m[0marn[0m[0m                             = (known after apply)
      [32m+[0m [0m[1m[0massign_ipv6_address_on_creation[0m[0m = false
      [32m+[0m [0m[1m[0mavailability_zone[0m[0m               = "eu-west-3a"
      [32m+[0m [0m[1m[0mavailability_zone_id[0m[0m            = (known after apply)
      [32m+[0m [0m[1m[0mcidr_block[0m[0m                      = "10.1.4.0/24"
      [32m+[0m [0m[1m[0mid[0m[0m                              = (known after apply)
      [32m+[0m [0m[1m[0mipv6_cidr_block[0m[0m                 = (known after apply)
      [32m+[0m [0m[1m[0mipv6_cidr_block_association_id[0m[0m  = (known after apply)
      [32m+[0m [0m[1m[0mmap_public_ip_on_launch[0m[0m         = false
      [32m+[0m [0m[1m[0mowner_id[0m[0m                        = (known after apply)
      [32m+[0m [0m[1m[0mtags[0m[0m                            = {
          [32m+[0m [0m"Name"             = "test-db-eu-west-3a"
          [32m+[0m [0m"TerraformManaged" = "true"
        }
      [32m+[0m [0m[1m[0mvpc_id[0m[0m                          = (known after apply)
    }

[1m  # module.vpc.aws_subnet.database[1][0m will be created[0m[0m
[0m  [32m+[0m[0m resource "aws_subnet" "database" {
      [32m+[0m [0m[1m[0marn[0m[0m                             = (known after apply)
      [32m+[0m [0m[1m[0massign_ipv6_address_on_creation[0m[0m = false
      [32m+[0m [0m[1m[0mavailability_zone[0m[0m               = "eu-west-3b"
      [32m+[0m [0m[1m[0mavailability_zone_id[0m[0m            = (known after apply)
      [32m+[0m [0m[1m[0mcidr_block[0m[0m                      = "10.1.5.0/24"
      [32m+[0m [0m[1m[0mid[0m[0m                              = (known after apply)
      [32m+[0m [0m[1m[0mipv6_cidr_block[0m[0m                 = (known after apply)
      [32m+[0m [0m[1m[0mipv6_cidr_block_association_id[0m[0m  = (known after apply)
      [32m+[0m [0m[1m[0mmap_public_ip_on_launch[0m[0m         = false
      [32m+[0m [0m[1m[0mowner_id[0m[0m                        = (known after apply)
      [32m+[0m [0m[1m[0mtags[0m[0m                            = {
          [32m+[0m [0m"Name"             = "test-db-eu-west-3b"
          [32m+[0m [0m"TerraformManaged" = "true"
        }
      [32m+[0m [0m[1m[0mvpc_id[0m[0m                          = (known after apply)
    }

[1m  # module.vpc.aws_subnet.private[0][0m will be created[0m[0m
[0m  [32m+[0m[0m resource "aws_subnet" "private" {
      [32m+[0m [0m[1m[0marn[0m[0m                             = (known after apply)
      [32m+[0m [0m[1m[0massign_ipv6_address_on_creation[0m[0m = false
      [32m+[0m [0m[1m[0mavailability_zone[0m[0m               = "eu-west-3a"
      [32m+[0m [0m[1m[0mavailability_zone_id[0m[0m            = (known after apply)
      [32m+[0m [0m[1m[0mcidr_block[0m[0m                      = "10.1.2.0/24"
      [32m+[0m [0m[1m[0mid[0m[0m                              = (known after apply)
      [32m+[0m [0m[1m[0mipv6_cidr_block[0m[0m                 = (known after apply)
      [32m+[0m [0m[1m[0mipv6_cidr_block_association_id[0m[0m  = (known after apply)
      [32m+[0m [0m[1m[0mmap_public_ip_on_launch[0m[0m         = false
      [32m+[0m [0m[1m[0mowner_id[0m[0m                        = (known after apply)
      [32m+[0m [0m[1m[0mtags[0m[0m                            = {
          [32m+[0m [0m"Name"             = "test-private-eu-west-3a"
          [32m+[0m [0m"TerraformManaged" = "true"
        }
      [32m+[0m [0m[1m[0mvpc_id[0m[0m                          = (known after apply)
    }

[1m  # module.vpc.aws_subnet.private[1][0m will be created[0m[0m
[0m  [32m+[0m[0m resource "aws_subnet" "private" {
      [32m+[0m [0m[1m[0marn[0m[0m                             = (known after apply)
      [32m+[0m [0m[1m[0massign_ipv6_address_on_creation[0m[0m = false
      [32m+[0m [0m[1m[0mavailability_zone[0m[0m               = "eu-west-3b"
      [32m+[0m [0m[1m[0mavailability_zone_id[0m[0m            = (known after apply)
      [32m+[0m [0m[1m[0mcidr_block[0m[0m                      = "10.1.3.0/24"
      [32m+[0m [0m[1m[0mid[0m[0m                              = (known after apply)
      [32m+[0m [0m[1m[0mipv6_cidr_block[0m[0m                 = (known after apply)
      [32m+[0m [0m[1m[0mipv6_cidr_block_association_id[0m[0m  = (known after apply)
      [32m+[0m [0m[1m[0mmap_public_ip_on_launch[0m[0m         = false
      [32m+[0m [0m[1m[0mowner_id[0m[0m                        = (known after apply)
      [32m+[0m [0m[1m[0mtags[0m[0m                            = {
          [32m+[0m [0m"Name"             = "test-private-eu-west-3b"
          [32m+[0m [0m"TerraformManaged" = "true"
        }
      [32m+[0m [0m[1m[0mvpc_id[0m[0m                          = (known after apply)
    }

[1m  # module.vpc.aws_subnet.public[0][0m will be created[0m[0m
[0m  [32m+[0m[0m resource "aws_subnet" "public" {
      [32m+[0m [0m[1m[0marn[0m[0m                             = (known after apply)
      [32m+[0m [0m[1m[0massign_ipv6_address_on_creation[0m[0m = false
      [32m+[0m [0m[1m[0mavailability_zone[0m[0m               = "eu-west-3a"
      [32m+[0m [0m[1m[0mavailability_zone_id[0m[0m            = (known after apply)
      [32m+[0m [0m[1m[0mcidr_block[0m[0m                      = "10.1.0.0/24"
      [32m+[0m [0m[1m[0mid[0m[0m                              = (known after apply)
      [32m+[0m [0m[1m[0mipv6_cidr_block[0m[0m                 = (known after apply)
      [32m+[0m [0m[1m[0mipv6_cidr_block_association_id[0m[0m  = (known after apply)
      [32m+[0m [0m[1m[0mmap_public_ip_on_launch[0m[0m         = false
      [32m+[0m [0m[1m[0mowner_id[0m[0m                        = (known after apply)
      [32m+[0m [0m[1m[0mtags[0m[0m                            = {
          [32m+[0m [0m"Name"             = "test-public-eu-west-3a"
          [32m+[0m [0m"TerraformManaged" = "true"
        }
      [32m+[0m [0m[1m[0mvpc_id[0m[0m                          = (known after apply)
    }

[1m  # module.vpc.aws_subnet.public[1][0m will be created[0m[0m
[0m  [32m+[0m[0m resource "aws_subnet" "public" {
      [32m+[0m [0m[1m[0marn[0m[0m                             = (known after apply)
      [32m+[0m [0m[1m[0massign_ipv6_address_on_creation[0m[0m = false
      [32m+[0m [0m[1m[0mavailability_zone[0m[0m               = "eu-west-3b"
      [32m+[0m [0m[1m[0mavailability_zone_id[0m[0m            = (known after apply)
      [32m+[0m [0m[1m[0mcidr_block[0m[0m                      = "10.1.1.0/24"
      [32m+[0m [0m[1m[0mid[0m[0m                              = (known after apply)
      [32m+[0m [0m[1m[0mipv6_cidr_block[0m[0m                 = (known after apply)
      [32m+[0m [0m[1m[0mipv6_cidr_block_association_id[0m[0m  = (known after apply)
      [32m+[0m [0m[1m[0mmap_public_ip_on_launch[0m[0m         = false
      [32m+[0m [0m[1m[0mowner_id[0m[0m                        = (known after apply)
      [32m+[0m [0m[1m[0mtags[0m[0m                            = {
          [32m+[0m [0m"Name"             = "test-public-eu-west-3b"
          [32m+[0m [0m"TerraformManaged" = "true"
        }
      [32m+[0m [0m[1m[0mvpc_id[0m[0m                          = (known after apply)
    }

[1m  # module.vpc.aws_vpc.this[0m will be created[0m[0m
[0m  [32m+[0m[0m resource "aws_vpc" "this" {
      [32m+[0m [0m[1m[0marn[0m[0m                              = (known after apply)
      [32m+[0m [0m[1m[0massign_generated_ipv6_cidr_block[0m[0m = false
      [32m+[0m [0m[1m[0mcidr_block[0m[0m                       = "10.1.0.0/16"
      [32m+[0m [0m[1m[0mdefault_network_acl_id[0m[0m           = (known after apply)
      [32m+[0m [0m[1m[0mdefault_route_table_id[0m[0m           = (known after apply)
      [32m+[0m [0m[1m[0mdefault_security_group_id[0m[0m        = (known after apply)
      [32m+[0m [0m[1m[0mdhcp_options_id[0m[0m                  = (known after apply)
      [32m+[0m [0m[1m[0menable_classiclink[0m[0m               = (known after apply)
      [32m+[0m [0m[1m[0menable_classiclink_dns_support[0m[0m   = (known after apply)
      [32m+[0m [0m[1m[0menable_dns_hostnames[0m[0m             = true
      [32m+[0m [0m[1m[0menable_dns_support[0m[0m               = true
      [32m+[0m [0m[1m[0mid[0m[0m                               = (known after apply)
      [32m+[0m [0m[1m[0minstance_tenancy[0m[0m                 = "default"
      [32m+[0m [0m[1m[0mipv6_association_id[0m[0m              = (known after apply)
      [32m+[0m [0m[1m[0mipv6_cidr_block[0m[0m                  = (known after apply)
      [32m+[0m [0m[1m[0mmain_route_table_id[0m[0m              = (known after apply)
      [32m+[0m [0m[1m[0mowner_id[0m[0m                         = (known after apply)
      [32m+[0m [0m[1m[0mtags[0m[0m                             = {
          [32m+[0m [0m"Name"             = "test"
          [32m+[0m [0m"TerraformManaged" = "true"
        }
    }

[0m[1mPlan:[0m 35 to add, 0 to change, 0 to destroy.[0m

------------------------------------------------------------------------

Note: You didn't specify an "-out" parameter to save this plan, so Terraform
can't guarantee that exactly these actions will be performed if
"terraform apply" is subsequently run.

